
Microsoft Visual Studio Solution File, Format Version 12.00
# Visual Studio 2013
VisualStudioVersion = 12.0.21005.1
MinimumVisualStudioVersion = 10.0.40219.1
Project("{FAE04EC0-301F-11D3-BF4B-00C04F79EFBC}") = "ECommerce.Data", "ECommerce.Data\ECommerce.Data.csproj", "{E59ED88A-1148-49FF-BE53-1D818693F6FE}"
EndProject
Project("{FAE04EC0-301F-11D3-BF4B-00C04F79EFBC}") = "ECommerce.Domain", "ECommerce.Domain\ECommerce.Domain.csproj", "{56A23433-A432-45C2-AF45-761F5859EB6F}"
EndProject
Project("{FAE04EC0-301F-11D3-BF4B-00C04F79EFBC}") = "ECommerce.Service", "ECommerce.Service\ECommerce.Service.csproj", "{1CB54841-F140-4B87-B432-3322C36F514D}"
EndProject
Project("{FAE04EC0-301F-11D3-BF4B-00C04F79EFBC}") = "ECommerce.GUI", "ECommerce.GUI\ECommerce.GUI.csproj", "{B60FE7E4-3F8B-4EE9-98F2-79E84165F925}"
EndProject
Global
	GlobalSection(SolutionConfigurationPlatforms) = preSolution
		Debug|Any CPU = Debug|Any CPU
		Release|Any CPU = Release|Any CPU
	EndGlobalSection
	GlobalSection(ProjectConfigurationPlatforms) = postSolution
		{E59ED88A-1148-49FF-BE53-1D818693F6FE}.Debug|Any CPU.ActiveCfg = Debug|Any CPU
		{E59ED88A-1148-49FF-BE53-1D818693F6FE}.Debug|Any CPU.Build.0 = Debug|Any CPU
		{E59ED88A-1148-49FF-BE53-1D818693F6FE}.Release|Any CPU.ActiveCfg = Release|Any CPU
		{E59ED88A-1148-49FF-BE53-1D818693F6FE}.Release|Any CPU.Build.0 = Release|Any CPU
		{56A23433-A432-45C2-AF45-761F5859EB6F}.Debug|Any CPU.ActiveCfg = Debug|Any CPU
		{56A23433-A432-45C2-AF45-761F5859EB6F}.Debug|Any CPU.Build.0 = Debug|Any CPU
		{56A23433-A432-45C2-AF45-761F5859EB6F}.Release|Any CPU.ActiveCfg = Release|Any CPU
		{56A23433-A432-45C2-AF45-761F5859EB6F}.Release|Any CPU.Build.0 = Release|Any CPU
		{1CB54841-F140-4B87-B432-3322C36F514D}.Debug|Any CPU.ActiveCfg = Debug|Any CPU
		{1CB54841-F140-4B87-B432-3322C36F514D}.Debug|Any CPU.Build.0 = Debug|Any CPU
		{1CB54841-F140-4B87-B432-3322C36F514D}.Release|Any CPU.ActiveCfg = Release|Any CPU
		{1CB54841-F140-4B87-B432-3322C36F514D}.Release|Any CPU.Build.0 = Release|Any CPU
		{B60FE7E4-3F8B-4EE9-98F2-79E84165F925}.Debug|Any CPU.ActiveCfg = Debug|Any CPU
		{B60FE7E4-3F8B-4EE9-98F2-79E84165F925}.Debug|Any CPU.Build.0 = Debug|Any CPU
		{B60FE7E4-3F8B-4EE9-98F2-79E84165F925}.Release|Any CPU.ActiveCfg = Release|Any CPU
		{B60FE7E4-3F8B-4EE9-98F2-79E84165F925}.Release|Any CPU.Build.0 = Release|Any CPU
	EndGlobalSection
	GlobalSection(SolutionProperties) = preSolution
		HideSolutionNode = FALSE
	EndGlobalSection
EndGlobal
